
Microsoft Visual Studio Solution File, Format Version 12.00
# Visual Studio Version 16
VisualStudioVersion = 16.0.29025.244
MinimumVisualStudioVersion = 10.0.40219.1
Project("{FAE04EC0-301F-11D3-BF4B-00C04F79EFBC}") = "KUTUPHANE", "KUTUPHANE\KUTUPHANE.csproj", "{D118FB08-803E-4D53-901F-B902642B7D29}"
EndProject
Global
	GlobalSection(SolutionConfigurationPlatforms) = preSolution
		Debug|Any CPU = Debug|Any CPU
		Release|Any CPU = Release|Any CPU
	EndGlobalSection
	GlobalSection(ProjectConfigurationPlatforms) = postSolution
		{D118FB08-803E-4D53-901F-B902642B7D29}.Debug|Any CPU.ActiveCfg = Debug|Any CPU
		{D118FB08-803E-4D53-901F-B902642B7D29}.Debug|Any CPU.Build.0 = Debug|Any CPU
		{D118FB08-803E-4D53-901F-B902642B7D29}.Release|Any CPU.ActiveCfg = Release|Any CPU
		{D118FB08-803E-4D53-901F-B902642B7D29}.Release|Any CPU.Build.0 = Release|Any CPU
	EndGlobalSection
	GlobalSection(SolutionProperties) = preSolution
		HideSolutionNode = FALSE
	EndGlobalSection
	GlobalSection(ExtensibilityGlobals) = postSolution
		SolutionGuid = {D4E5ACCD-1D08-4964-BFB9-2F8CB0B91E1A}
	EndGlobalSection
EndGlobal
